{
  "object": {
    "pins": [
      {
        "package": "libwebp",
        "repositoryURL": "https://github.com/SDWebImage/libwebp-Xcode",
        "state": {
          "branch": null,
          "revision": "4f52fc9b29600a03de6e05af16df0d694cb44301",
          "version": "1.2.4"
        }
      },
      {
        "package": "PINCache",
        "repositoryURL": "https://github.com/pinterest/PINCache.git",
        "state": {
          "branch": null,
          "revision": "875c654984fb52b47ca65ae70d24852b0003ccd9",
          "version": "3.0.3"
        }
      },
      {
        "package": "PINOperation",
        "repositoryURL": "https://github.com/pinterest/PINOperation.git",
        "state": {
          "branch": null,
          "revision": "40504c156a68b20f98f7ddc73a115cbb7893be25",
          "version": "1.2.2"
        }
      },
      {
        "package": "PINRemoteImage",
        "repositoryURL": "https://github.com/pinterest/PINRemoteImage.git",
        "state": {
          "branch": null,
          "revision": "611d8ab1c6937bcdfd9d59a967716b0370a332be",
          "version": "3.0.3"
        }
      }
    ]
  },
  "version": 1
}
